// !$*UTF8*$!
{
	archiveVersion = 1;
	classes = {
	};
	objectVersion = 56;
	objects = {

/* Begin PBXBuildFile section */
		69ACE5C42AA78F210058FA79 /* AppDelegate.swift in Sources */ = {isa = PBXBuildFile; fileRef = 69ACE5C32AA78F210058FA79 /* AppDelegate.swift */; };
		69ACE5C62AA78F210058FA79 /* SceneDelegate.swift in Sources */ = {isa = PBXBuildFile; fileRef = 69ACE5C52AA78F210058FA79 /* SceneDelegate.swift */; };
		69ACE5C82AA78F210058FA79 /* PostsViewController.swift in Sources */ = {isa = PBXBuildFile; fileRef = 69ACE5C72AA78F210058FA79 /* PostsViewController.swift */; };
		69ACE5CB2AA78F210058FA79 /* Main.storyboard in Resources */ = {isa = PBXBuildFile; fileRef = 69ACE5C92AA78F210058FA79 /* Main.storyboard */; };
		69ACE5CD2AA78F230058FA79 /* Assets.xcassets in Resources */ = {isa = PBXBuildFile; fileRef = 69ACE5CC2AA78F230058FA79 /* Assets.xcassets */; };
		69ACE5D02AA78F230058FA79 /* LaunchScreen.storyboard in Resources */ = {isa = PBXBuildFile; fileRef = 69ACE5CE2AA78F230058FA79 /* LaunchScreen.storyboard */; };
		69ACE5D92AA78FA20058FA79 /* APICaller.swift in Sources */ = {isa = PBXBuildFile; fileRef = 69ACE5D82AA78FA20058FA79 /* APICaller.swift */; };
		69ACE5DB2AA78FB60058FA79 /* CustomDateFormatter.swift in Sources */ = {isa = PBXBuildFile; fileRef = 69ACE5DA2AA78FB60058FA79 /* CustomDateFormatter.swift */; };
		69ACE5DE2AA78FE50058FA79 /* Posts.swift in Sources */ = {isa = PBXBuildFile; fileRef = 69ACE5DD2AA78FE50058FA79 /* Posts.swift */; };
		69ACE5E02AA790090058FA79 /* PostsTableViewCell.swift in Sources */ = {isa = PBXBuildFile; fileRef = 69ACE5DF2AA790090058FA79 /* PostsTableViewCell.swift */; };
/* End PBXBuildFile section */

/* Begin PBXFileReference section */
		69ACE5C02AA78F210058FA79 /* TestTaskNatife.app */ = {isa = PBXFileReference; explicitFileType = wrapper.application; includeInIndex = 0; path = TestTaskNatife.app; sourceTree = BUILT_PRODUCTS_DIR; };
		69ACE5C32AA78F210058FA79 /* AppDelegate.swift */ = {isa = PBXFileReference; lastKnownFileType = sourcecode.swift; path = AppDelegate.swift; sourceTree = "<group>"; };
		69ACE5C52AA78F210058FA79 /* SceneDelegate.swift */ = {isa = PBXFileReference; lastKnownFileType = sourcecode.swift; path = SceneDelegate.swift; sourceTree = "<group>"; };
		69ACE5C72AA78F210058FA79 /* PostsViewController.swift */ = {isa = PBXFileReference; lastKnownFileType = sourcecode.swift; path = PostsViewController.swift; sourceTree = "<group>"; };
		69ACE5CA2AA78F210058FA79 /* Base */ = {isa = PBXFileReference; lastKnownFileType = file.storyboard; name = Base; path = Base.lproj/Main.storyboard; sourceTree = "<group>"; };
		69ACE5CC2AA78F230058FA79 /* Assets.xcassets */ = {isa = PBXFileReference; lastKnownFileType = folder.assetcatalog; path = Assets.xcassets; sourceTree = "<group>"; };
		69ACE5CF2AA78F230058FA79 /* Base */ = {isa = PBXFileReference; lastKnownFileType = file.storyboard; name = Base; path = Base.lproj/LaunchScreen.storyboard; sourceTree = "<group>"; };
		69ACE5D12AA78F230058FA79 /* Info.plist */ = {isa = PBXFileReference; lastKnownFileType = text.plist.xml; path = Info.plist; sourceTree = "<group>"; };
		69ACE5D82AA78FA20058FA79 /* APICaller.swift */ = {isa = PBXFileReference; lastKnownFileType = sourcecode.swift; path = APICaller.swift; sourceTree = "<group>"; };
		69ACE5DA2AA78FB60058FA79 /* CustomDateFormatter.swift */ = {isa = PBXFileReference; lastKnownFileType = sourcecode.swift; path = CustomDateFormatter.swift; sourceTree = "<group>"; };
		69ACE5DD2AA78FE50058FA79 /* Posts.swift */ = {isa = PBXFileReference; lastKnownFileType = sourcecode.swift; path = Posts.swift; sourceTree = "<group>"; };
		69ACE5DF2AA790090058FA79 /* PostsTableViewCell.swift */ = {isa = PBXFileReference; lastKnownFileType = sourcecode.swift; path = PostsTableViewCell.swift; sourceTree = "<group>"; };
/* End PBXFileReference section */

/* Begin PBXFrameworksBuildPhase section */
		69ACE5BD2AA78F210058FA79 /* Frameworks */ = {
			isa = PBXFrameworksBuildPhase;
			buildActionMask = 2147483647;
			files = (
			);
			runOnlyForDeploymentPostprocessing = 0;
		};
/* End PBXFrameworksBuildPhase section */

/* Begin PBXGroup section */
		69ACE5B72AA78F210058FA79 = {
			isa = PBXGroup;
			children = (
				69ACE5C22AA78F210058FA79 /* TestTaskNatife */,
				69ACE5C12AA78F210058FA79 /* Products */,
			);
			sourceTree = "<group>";
		};
		69ACE5C12AA78F210058FA79 /* Products */ = {
			isa = PBXGroup;
			children = (
				69ACE5C02AA78F210058FA79 /* TestTaskNatife.app */,
			);
			name = Products;
			sourceTree = "<group>";
		};
		69ACE5C22AA78F210058FA79 /* TestTaskNatife */ = {
			isa = PBXGroup;
			children = (
				69ACE5DC2AA78FDD0058FA79 /* Models */,
				69ACE5D72AA78F7D0058FA79 /* Managers */,
				69ACE5C32AA78F210058FA79 /* AppDelegate.swift */,
				69ACE5C52AA78F210058FA79 /* SceneDelegate.swift */,
				69ACE5C72AA78F210058FA79 /* PostsViewController.swift */,
				69ACE5C92AA78F210058FA79 /* Main.storyboard */,
				69ACE5CC2AA78F230058FA79 /* Assets.xcassets */,
				69ACE5CE2AA78F230058FA79 /* LaunchScreen.storyboard */,
				69ACE5D12AA78F230058FA79 /* Info.plist */,
				69ACE5DF2AA790090058FA79 /* PostsTableViewCell.swift */,
			);
			path = TestTaskNatife;
			sourceTree = "<group>";
		};
		69ACE5D72AA78F7D0058FA79 /* Managers */ = {
			isa = PBXGroup;
			children = (
				69ACE5D82AA78FA20058FA79 /* APICaller.swift */,
				69ACE5DA2AA78FB60058FA79 /* CustomDateFormatter.swift */,
			);
			path = Managers;
			sourceTree = "<group>";
		};
		69ACE5DC2AA78FDD0058FA79 /* Models */ = {
			isa = PBXGroup;
			children = (
				69ACE5DD2AA78FE50058FA79 /* Posts.swift */,
			);
			path = Models;
			sourceTree = "<group>";
		};
/* End PBXGroup section */

/* Begin PBXNativeTarget section */
		69ACE5BF2AA78F210058FA79 /* TestTaskNatife */ = {
			isa = PBXNativeTarget;
			buildConfigurationList = 69ACE5D42AA78F230058FA79 /* Build configuration list for PBXNativeTarget "TestTaskNatife" */;
			buildPhases = (
				69ACE5BC2AA78F210058FA79 /* Sources */,
				69ACE5BD2AA78F210058FA79 /* Frameworks */,
				69ACE5BE2AA78F210058FA79 /* Resources */,
			);
			buildRules = (
			);
			dependencies = (
			);
			name = TestTaskNatife;
			productName = TestTaskNatife;
			productReference = 69ACE5C02AA78F210058FA79 /* TestTaskNatife.app */;
			productType = "com.apple.product-type.application";
		};
/* End PBXNativeTarget section */

/* Begin PBXProject section */
		69ACE5B82AA78F210058FA79 /* Project object */ = {
			isa = PBXProject;
			attributes = {
				BuildIndependentTargetsInParallel = 1;
				LastSwiftUpdateCheck = 1420;
				LastUpgradeCheck = 1420;
				TargetAttributes = {
					69ACE5BF2AA78F210058FA79 = {
						CreatedOnToolsVersion = 14.2;
					};
				};
			};
			buildConfigurationList = 69ACE5BB2AA78F210058FA79 /* Build configuration list for PBXProject "TestTaskNatife" */;
			compatibilityVersion = "Xcode 14.0";
			developmentRegion = en;
			hasScannedForEncodings = 0;
			knownRegions = (
				en,
				Base,
			);
			mainGroup = 69ACE5B72AA78F210058FA79;
			productRefGroup = 69ACE5C12AA78F210058FA79 /* Products */;
			projectDirPath = "";
			projectRoot = "";
			targets = (
				69ACE5BF2AA78F210058FA79 /* TestTaskNatife */,
			);
		};
/* End PBXProject section */

/* Begin PBXResourcesBuildPhase section */
		69ACE5BE2AA78F210058FA79 /* Resources */ = {
			isa = PBXResourcesBuildPhase;
			buildActionMask = 2147483647;
			files = (
				69ACE5D02AA78F230058FA79 /* LaunchScreen.storyboard in Resources */,
				69ACE5CD2AA78F230058FA79 /* Assets.xcassets in Resources */,
				69ACE5CB2AA78F210058FA79 /* Main.storyboard in Resources */,
			);
			runOnlyForDeploymentPostprocessing = 0;
		};
/* End PBXResourcesBuildPhase section */

/* Begin PBXSourcesBuildPhase section */
		69ACE5BC2AA78F210058FA79 /* Sources */ = {
			isa = PBXSourcesBuildPhase;
			buildActionMask = 2147483647;
			files = (
				69ACE5DB2AA78FB60058FA79 /* CustomDateFormatter.swift in Sources */,
				69ACE5DE2AA78FE50058FA79 /* Posts.swift in Sources */,
				69ACE5C82AA78F210058FA79 /* PostsViewController.swift in Sources */,
				69ACE5C42AA78F210058FA79 /* AppDelegate.swift in Sources */,
				69ACE5C62AA78F210058FA79 /* SceneDelegate.swift in Sources */,
				69ACE5E02AA790090058FA79 /* PostsTableViewCell.swift in Sources */,
				69ACE5D92AA78FA20058FA79 /* APICaller.swift in Sources */,
			);
			runOnlyForDeploymentPostprocessing = 0;
		};
/* End PBXSourcesBuildPhase section */

/* Begin PBXVariantGroup section */
		69ACE5C92AA78F210058FA79 /* Main.storyboard */ = {
			isa = PBXVariantGroup;
			children = (
				69ACE5CA2AA78F210058FA79 /* Base */,
			);
			name = Main.storyboard;
			sourceTree = "<group>";
		};
		69ACE5CE2AA78F230058FA79 /* LaunchScreen.storyboard */ = {
			isa = PBXVariantGroup;
			children = (
				69ACE5CF2AA78F230058FA79 /* Base */,
			);
			name = LaunchScreen.storyboard;
			sourceTree = "<group>";
		};
/* End PBXVariantGroup section */

/* Begin XCBuildConfiguration section */
		69ACE5D22AA78F230058FA79 /* Debug */ = {
			isa = XCBuildConfiguration;
			buildSettings = {
				ALWAYS_SEARCH_USER_PATHS = NO;
				CLANG_ANALYZER_NONNULL = YES;
				CLANG_ANALYZER_NUMBER_OBJECT_CONVERSION = YES_AGGRESSIVE;
				CLANG_CXX_LANGUAGE_STANDARD = "gnu++20";
				CLANG_ENABLE_MODULES = YES;
				CLANG_ENABLE_OBJC_ARC = YES;
				CLANG_ENABLE_OBJC_WEAK = YES;
				CLANG_WARN_BLOCK_CAPTURE_AUTORELEASING = YES;
				CLANG_WARN_BOOL_CONVERSION = YES;
				CLANG_WARN_COMMA = YES;
				CLANG_WARN_CONSTANT_CONVERSION = YES;
				CLANG_WARN_DEPRECATED_OBJC_IMPLEMENTATIONS = YES;
				CLANG_WARN_DIRECT_OBJC_ISA_USAGE = YES_ERROR;
				CLANG_WARN_DOCUMENTATION_COMMENTS = YES;
				CLANG_WARN_EMPTY_BODY = YES;
				CLANG_WARN_ENUM_CONVERSION = YES;
				CLANG_WARN_INFINITE_RECURSION = YES;
				CLANG_WARN_INT_CONVERSION = YES;
				CLANG_WARN_NON_LITERAL_NULL_CONVERSION = YES;
				CLANG_WARN_OBJC_IMPLICIT_RETAIN_SELF = YES;
				CLANG_WARN_OBJC_LITERAL_CONVERSION = YES;
				CLANG_WARN_OBJC_ROOT_CLASS = YES_ERROR;
				CLANG_WARN_QUOTED_INCLUDE_IN_FRAMEWORK_HEADER = YES;
				CLANG_WARN_RANGE_LOOP_ANALYSIS = YES;
				CLANG_WARN_STRICT_PROTOTYPES = YES;
				CLANG_WARN_SUSPICIOUS_MOVE = YES;
				CLANG_WARN_UNGUARDED_AVAILABILITY = YES_AGGRESSIVE;
				CLANG_WARN_UNREACHABLE_CODE = YES;
				CLANG_WARN__DUPLICATE_METHOD_MATCH = YES;
				COPY_PHASE_STRIP = NO;
				DEBUG_INFORMATION_FORMAT = dwarf;
				ENABLE_STRICT_OBJC_MSGSEND = YES;
				ENABLE_TESTABILITY = YES;
				GCC_C_LANGUAGE_STANDARD = gnu11;
				GCC_DYNAMIC_NO_PIC = NO;
				GCC_NO_COMMON_BLOCKS = YES;
				GCC_OPTIMIZATION_LEVEL = 0;
				GCC_PREPROCESSOR_DEFINITIONS = (
					"DEBUG=1",
					"$(inherited)",
				);
				GCC_WARN_64_TO_32_BIT_CONVERSION = YES;
				GCC_WARN_ABOUT_RETURN_TYPE = YES_ERROR;
				GCC_WARN_UNDECLARED_SELECTOR = YES;
				GCC_WARN_UNINITIALIZED_AUTOS = YES_AGGRESSIVE;
				GCC_WARN_UNUSED_FUNCTION = YES;
				GCC_WARN_UNUSED_VARIABLE = YES;
				IPHONEOS_DEPLOYMENT_TARGET = 16.2;
				MTL_ENABLE_DEBUG_INFO = INCLUDE_SOURCE;
				MTL_FAST_MATH = YES;
				ONLY_ACTIVE_ARCH = YES;
				SDKROOT = iphoneos;
				SWIFT_ACTIVE_COMPILATION_CONDITIONS = DEBUG;
				SWIFT_OPTIMIZATION_LEVEL = "-Onone";
			};
			name = Debug;
		};
		69ACE5D32AA78F230058FA79 /* Release */ = {
			isa = XCBuildConfiguration;
			buildSettings = {
				ALWAYS_SEARCH_USER_PATHS = NO;
				CLANG_ANALYZER_NONNULL = YES;
				CLANG_ANALYZER_NUMBER_OBJECT_CONVERSION = YES_AGGRESSIVE;
				CLANG_CXX_LANGUAGE_STANDARD = "gnu++20";
				CLANG_ENABLE_MODULES = YES;
				CLANG_ENABLE_OBJC_ARC = YES;
				CLANG_ENABLE_OBJC_WEAK = YES;
				CLANG_WARN_BLOCK_CAPTURE_AUTORELEASING = YES;
				CLANG_WARN_BOOL_CONVERSION = YES;
				CLANG_WARN_COMMA = YES;
				CLANG_WARN_CONSTANT_CONVERSION = YES;
				CLANG_WARN_DEPRECATED_OBJC_IMPLEMENTATIONS = YES;
				CLANG_WARN_DIRECT_OBJC_ISA_USAGE = YES_ERROR;
				CLANG_WARN_DOCUMENTATION_COMMENTS = YES;
				CLANG_WARN_EMPTY_BODY = YES;
				CLANG_WARN_ENUM_CONVERSION = YES;
				CLANG_WARN_INFINITE_RECURSION = YES;
				CLANG_WARN_INT_CONVERSION = YES;
				CLANG_WARN_NON_LITERAL_NULL_CONVERSION = YES;
				CLANG_WARN_OBJC_IMPLICIT_RETAIN_SELF = YES;
				CLANG_WARN_OBJC_LITERAL_CONVERSION = YES;
				CLANG_WARN_OBJC_ROOT_CLASS = YES_ERROR;
				CLANG_WARN_QUOTED_INCLUDE_IN_FRAMEWORK_HEADER = YES;
				CLANG_WARN_RANGE_LOOP_ANALYSIS = YES;
				CLANG_WARN_STRICT_PROTOTYPES = YES;
				CLANG_WARN_SUSPICIOUS_MOVE = YES;
				CLANG_WARN_UNGUARDED_AVAILABILITY = YES_AGGRESSIVE;
				CLANG_WARN_UNREACHABLE_CODE = YES;
				CLANG_WARN__DUPLICATE_METHOD_MATCH = YES;
				COPY_PHASE_STRIP = NO;
				DEBUG_INFORMATION_FORMAT = "dwarf-with-dsym";
				ENABLE_NS_ASSERTIONS = NO;
				ENABLE_STRICT_OBJC_MSGSEND = YES;
				GCC_C_LANGUAGE_STANDARD = gnu11;
				GCC_NO_COMMON_BLOCKS = YES;
				GCC_WARN_64_TO_32_BIT_CONVERSION = YES;
				GCC_WARN_ABOUT_RETURN_TYPE = YES_ERROR;
				GCC_WARN_UNDECLARED_SELECTOR = YES;
				GCC_WARN_UNINITIALIZED_AUTOS = YES_AGGRESSIVE;
				GCC_WARN_UNUSED_FUNCTION = YES;
				GCC_WARN_UNUSED_VARIABLE = YES;
				IPHONEOS_DEPLOYMENT_TARGET = 16.2;
				MTL_ENABLE_DEBUG_INFO = NO;
				MTL_FAST_MATH = YES;
				SDKROOT = iphoneos;
				SWIFT_COMPILATION_MODE = wholemodule;
				SWIFT_OPTIMIZATION_LEVEL = "-O";
				VALIDATE_PRODUCT = YES;
			};
			name = Release;
		};
		69ACE5D52AA78F230058FA79 /* Debug */ = {
			isa = XCBuildConfiguration;
			buildSettings = {
				ASSETCATALOG_COMPILER_APPICON_NAME = AppIcon;
				ASSETCATALOG_COMPILER_GLOBAL_ACCENT_COLOR_NAME = AccentColor;
				CODE_SIGN_STYLE = Automatic;
				CURRENT_PROJECT_VERSION = 1;
				DEVELOPMENT_TEAM = XW6RCVN72V;
				GENERATE_INFOPLIST_FILE = YES;
				INFOPLIST_FILE = TestTaskNatife/Info.plist;
				INFOPLIST_KEY_UIApplicationSupportsIndirectInputEvents = YES;
				INFOPLIST_KEY_UILaunchStoryboardName = LaunchScreen;
				INFOPLIST_KEY_UIMainStoryboardFile = Main;
				INFOPLIST_KEY_UISupportedInterfaceOrientations_iPad = "UIInterfaceOrientationPortrait UIInterfaceOrientationPortraitUpsideDown UIInterfaceOrientationLandscapeLeft UIInterfaceOrientationLandscapeRight";
				INFOPLIST_KEY_UISupportedInterfaceOrientations_iPhone = "UIInterfaceOrientationPortrait UIInterfaceOrientationLandscapeLeft UIInterfaceOrientationLandscapeRight";
				LD_RUNPATH_SEARCH_PATHS = (
					"$(inherited)",
					"@executable_path/Frameworks",
				);
				MARKETING_VERSION = 1.0;
				PRODUCT_BUNDLE_IDENTIFIER = com.ellias.TestTaskNatife;
				PRODUCT_NAME = "$(TARGET_NAME)";
				SWIFT_EMIT_LOC_STRINGS = YES;
				SWIFT_VERSION = 5.0;
				TARGETED_DEVICE_FAMILY = "1,2";
			};
			name = Debug;
		};
		69ACE5D62AA78F230058FA79 /* Release */ = {
			isa = XCBuildConfiguration;
			buildSettings = {
				ASSETCATALOG_COMPILER_APPICON_NAME = AppIcon;
				ASSETCATALOG_COMPILER_GLOBAL_ACCENT_COLOR_NAME = AccentColor;
				CODE_SIGN_STYLE = Automatic;
				CURRENT_PROJECT_VERSION = 1;
				DEVELOPMENT_TEAM = XW6RCVN72V;
				GENERATE_INFOPLIST_FILE = YES;
				INFOPLIST_FILE = TestTaskNatife/Info.plist;
				INFOPLIST_KEY_UIApplicationSupportsIndirectInputEvents = YES;
				INFOPLIST_KEY_UILaunchStoryboardName = LaunchScreen;
				INFOPLIST_KEY_UIMainStoryboardFile = Main;
				INFOPLIST_KEY_UISupportedInterfaceOrientations_iPad = "UIInterfaceOrientationPortrait UIInterfaceOrientationPortraitUpsideDown UIInterfaceOrientationLandscapeLeft UIInterfaceOrientationLandscapeRight";
				INFOPLIST_KEY_UISupportedInterfaceOrientations_iPhone = "UIInterfaceOrientationPortrait UIInterfaceOrientationLandscapeLeft UIInterfaceOrientationLandscapeRight";
				LD_RUNPATH_SEARCH_PATHS = (
					"$(inherited)",
					"@executable_path/Frameworks",
				);
				MARKETING_VERSION = 1.0;
				PRODUCT_BUNDLE_IDENTIFIER = com.ellias.TestTaskNatife;
				PRODUCT_NAME = "$(TARGET_NAME)";
				SWIFT_EMIT_LOC_STRINGS = YES;
				SWIFT_VERSION = 5.0;
				TARGETED_DEVICE_FAMILY = "1,2";
			};
			name = Release;
		};
/* End XCBuildConfiguration section */

/* Begin XCConfigurationList section */
		69ACE5BB2AA78F210058FA79 /* Build configuration list for PBXProject "TestTaskNatife" */ = {
			isa = XCConfigurationList;
			buildConfigurations = (
				69ACE5D22AA78F230058FA79 /* Debug */,
				69ACE5D32AA78F230058FA79 /* Release */,
			);
			defaultConfigurationIsVisible = 0;
			defaultConfigurationName = Release;
		};
		69ACE5D42AA78F230058FA79 /* Build configuration list for PBXNativeTarget "TestTaskNatife" */ = {
			isa = XCConfigurationList;
			buildConfigurations = (
				69ACE5D52AA78F230058FA79 /* Debug */,
				69ACE5D62AA78F230058FA79 /* Release */,
			);
			defaultConfigurationIsVisible = 0;
			defaultConfigurationName = Release;
		};
/* End XCConfigurationList section */
	};
	rootObject = 69ACE5B82AA78F210058FA79 /* Project object */;
}
